
Microsoft Visual Studio Solution File, Format Version 12.00
# Visual Studio Version 16
VisualStudioVersion = 16.0.30804.86
MinimumVisualStudioVersion = 10.0.40219.1
Project("{FAE04EC0-301F-11D3-BF4B-00C04F79EFBC}") = "Csob.Project.WindowsService", "WorkerServiceAsWindowsService\Csob.Project.WindowsService.csproj", "{23C28B92-6DEA-4159-A0FD-3DD721CF1AF6}"
EndProject
Project("{FAE04EC0-301F-11D3-BF4B-00C04F79EFBC}") = "Csob.Project.Common", "Csob.Project.Common\Csob.Project.Common.csproj", "{C675CD4A-64F4-4415-972A-C564D0BD32A7}"
EndProject
Global
	GlobalSection(SolutionConfigurationPlatforms) = preSolution
		Debug|Any CPU = Debug|Any CPU
		Release|Any CPU = Release|Any CPU
	EndGlobalSection
	GlobalSection(ProjectConfigurationPlatforms) = postSolution
		{23C28B92-6DEA-4159-A0FD-3DD721CF1AF6}.Debug|Any CPU.ActiveCfg = Debug|Any CPU
		{23C28B92-6DEA-4159-A0FD-3DD721CF1AF6}.Debug|Any CPU.Build.0 = Debug|Any CPU
		{23C28B92-6DEA-4159-A0FD-3DD721CF1AF6}.Release|Any CPU.ActiveCfg = Release|Any CPU
		{23C28B92-6DEA-4159-A0FD-3DD721CF1AF6}.Release|Any CPU.Build.0 = Release|Any CPU
		{C675CD4A-64F4-4415-972A-C564D0BD32A7}.Debug|Any CPU.ActiveCfg = Debug|Any CPU
		{C675CD4A-64F4-4415-972A-C564D0BD32A7}.Debug|Any CPU.Build.0 = Debug|Any CPU
		{C675CD4A-64F4-4415-972A-C564D0BD32A7}.Release|Any CPU.ActiveCfg = Release|Any CPU
		{C675CD4A-64F4-4415-972A-C564D0BD32A7}.Release|Any CPU.Build.0 = Release|Any CPU
	EndGlobalSection
	GlobalSection(SolutionProperties) = preSolution
		HideSolutionNode = FALSE
	EndGlobalSection
	GlobalSection(ExtensibilityGlobals) = postSolution
		SolutionGuid = {AE5D146C-6E35-4462-96EF-BF746AD38A06}
	EndGlobalSection
EndGlobal
